
Microsoft Visual Studio Solution File, Format Version 12.00
# Visual Studio Version 16
VisualStudioVersion = 16.0.28803.452
MinimumVisualStudioVersion = 10.0.40219.1
Project("{9A19103F-16F7-4668-BE54-9A1E7A4F7556}") = "HelpDeskId", "HelpDeskId\HelpDeskId.csproj", "{21A9B439-F3E4-4242-8F95-3A07D983BEF4}"
EndProject
Project("{2150E333-8FDC-42A3-9474-1A3956D46DE8}") = "Solution Items", "Solution Items", "{37AAB069-3168-4F71-B4D2-46F1A0179774}"
	ProjectSection(SolutionItems) = preProject
		.editorconfig = .editorconfig
		.gitignore = .gitignore
		Directory.Build.props = Directory.Build.props
		GlobalSuppressions.cs = GlobalSuppressions.cs
		README.md = README.md
		stylecop.json = stylecop.json
		TestsSuppressions.cs = TestsSuppressions.cs
	EndProjectSection
EndProject
Project("{FAE04EC0-301F-11D3-BF4B-00C04F79EFBC}") = "HelpDeskId.Tests", "HelpDeskId.Tests\HelpDeskId.Tests.csproj", "{D585341B-2FF9-48F7-8ED1-2B8B2E19AEF5}"
EndProject
Global
	GlobalSection(SolutionConfigurationPlatforms) = preSolution
		Debug|Any CPU = Debug|Any CPU
		Release|Any CPU = Release|Any CPU
	EndGlobalSection
	GlobalSection(ProjectConfigurationPlatforms) = postSolution
		{21A9B439-F3E4-4242-8F95-3A07D983BEF4}.Debug|Any CPU.ActiveCfg = Debug|Any CPU
		{21A9B439-F3E4-4242-8F95-3A07D983BEF4}.Debug|Any CPU.Build.0 = Debug|Any CPU
		{21A9B439-F3E4-4242-8F95-3A07D983BEF4}.Release|Any CPU.ActiveCfg = Release|Any CPU
		{21A9B439-F3E4-4242-8F95-3A07D983BEF4}.Release|Any CPU.Build.0 = Release|Any CPU
		{D585341B-2FF9-48F7-8ED1-2B8B2E19AEF5}.Debug|Any CPU.ActiveCfg = Debug|Any CPU
		{D585341B-2FF9-48F7-8ED1-2B8B2E19AEF5}.Debug|Any CPU.Build.0 = Debug|Any CPU
		{D585341B-2FF9-48F7-8ED1-2B8B2E19AEF5}.Release|Any CPU.ActiveCfg = Release|Any CPU
		{D585341B-2FF9-48F7-8ED1-2B8B2E19AEF5}.Release|Any CPU.Build.0 = Release|Any CPU
	EndGlobalSection
	GlobalSection(SolutionProperties) = preSolution
		HideSolutionNode = FALSE
	EndGlobalSection
	GlobalSection(ExtensibilityGlobals) = postSolution
		SolutionGuid = {524EBAE4-93BD-4E8C-B6AA-53C7C4C6214F}
	EndGlobalSection
EndGlobal
